
Microsoft Visual Studio Solution File, Format Version 12.00
# Visual Studio Version 17
VisualStudioVersion = 17.3.32825.248
MinimumVisualStudioVersion = 10.0.40219.1
Project("{9A19103F-16F7-4668-BE54-9A1E7A4F7556}") = "ConsoleApp", "ConsoleApp\ConsoleApp.csproj", "{85B751E1-56FD-4E46-B9DC-9327043C1F28}"
EndProject
Project("{9A19103F-16F7-4668-BE54-9A1E7A4F7556}") = "Models", "Models\Models.csproj", "{2C70D1D8-22CC-432D-A6DA-C4EF35C941C2}"
EndProject
Project("{9A19103F-16F7-4668-BE54-9A1E7A4F7556}") = "WebApplicationV6", "WebApplicationV6\WebApplicationV6.csproj", "{5E0DDC04-578F-4A42-8647-17A80EB762C8}"
EndProject
Project("{9A19103F-16F7-4668-BE54-9A1E7A4F7556}") = "WebApplicationV5", "WebApplicationV5\WebApplicationV5.csproj", "{517EA14B-49C0-4753-84BC-89B1B4A4C454}"
EndProject
Project("{9A19103F-16F7-4668-BE54-9A1E7A4F7556}") = "WebApplication.Routing", "WebApplication.Routing\WebApplication.Routing.csproj", "{2AE2917F-873A-45F5-AA8F-3874FA8BE0B5}"
EndProject
Project("{FAE04EC0-301F-11D3-BF4B-00C04F79EFBC}") = "Services.Interfaces", "Services.Interfaces\Services.Interfaces.csproj", "{A152F96F-CC45-49CF-81CE-53BE64970957}"
EndProject
Project("{FAE04EC0-301F-11D3-BF4B-00C04F79EFBC}") = "Services.Bogus", "Services.Bogus\Services.Bogus.csproj", "{3E932B82-F81B-4550-BB46-ADD9479C7236}"
EndProject
Project("{FAE04EC0-301F-11D3-BF4B-00C04F79EFBC}") = "WebApplication", "WebApplication\WebApplication.csproj", "{72CB297B-0F90-44D4-AD38-FD049CB5205B}"
EndProject
Global
	GlobalSection(SolutionConfigurationPlatforms) = preSolution
		Debug|Any CPU = Debug|Any CPU
		Release|Any CPU = Release|Any CPU
	EndGlobalSection
	GlobalSection(ProjectConfigurationPlatforms) = postSolution
		{85B751E1-56FD-4E46-B9DC-9327043C1F28}.Debug|Any CPU.ActiveCfg = Debug|Any CPU
		{85B751E1-56FD-4E46-B9DC-9327043C1F28}.Debug|Any CPU.Build.0 = Debug|Any CPU
		{85B751E1-56FD-4E46-B9DC-9327043C1F28}.Release|Any CPU.ActiveCfg = Release|Any CPU
		{85B751E1-56FD-4E46-B9DC-9327043C1F28}.Release|Any CPU.Build.0 = Release|Any CPU
		{2C70D1D8-22CC-432D-A6DA-C4EF35C941C2}.Debug|Any CPU.ActiveCfg = Debug|Any CPU
		{2C70D1D8-22CC-432D-A6DA-C4EF35C941C2}.Debug|Any CPU.Build.0 = Debug|Any CPU
		{2C70D1D8-22CC-432D-A6DA-C4EF35C941C2}.Release|Any CPU.ActiveCfg = Release|Any CPU
		{2C70D1D8-22CC-432D-A6DA-C4EF35C941C2}.Release|Any CPU.Build.0 = Release|Any CPU
		{5E0DDC04-578F-4A42-8647-17A80EB762C8}.Debug|Any CPU.ActiveCfg = Debug|Any CPU
		{5E0DDC04-578F-4A42-8647-17A80EB762C8}.Debug|Any CPU.Build.0 = Debug|Any CPU
		{5E0DDC04-578F-4A42-8647-17A80EB762C8}.Release|Any CPU.ActiveCfg = Release|Any CPU
		{5E0DDC04-578F-4A42-8647-17A80EB762C8}.Release|Any CPU.Build.0 = Release|Any CPU
		{517EA14B-49C0-4753-84BC-89B1B4A4C454}.Debug|Any CPU.ActiveCfg = Debug|Any CPU
		{517EA14B-49C0-4753-84BC-89B1B4A4C454}.Debug|Any CPU.Build.0 = Debug|Any CPU
		{517EA14B-49C0-4753-84BC-89B1B4A4C454}.Release|Any CPU.ActiveCfg = Release|Any CPU
		{517EA14B-49C0-4753-84BC-89B1B4A4C454}.Release|Any CPU.Build.0 = Release|Any CPU
		{2AE2917F-873A-45F5-AA8F-3874FA8BE0B5}.Debug|Any CPU.ActiveCfg = Debug|Any CPU
		{2AE2917F-873A-45F5-AA8F-3874FA8BE0B5}.Debug|Any CPU.Build.0 = Debug|Any CPU
		{2AE2917F-873A-45F5-AA8F-3874FA8BE0B5}.Release|Any CPU.ActiveCfg = Release|Any CPU
		{2AE2917F-873A-45F5-AA8F-3874FA8BE0B5}.Release|Any CPU.Build.0 = Release|Any CPU
		{A152F96F-CC45-49CF-81CE-53BE64970957}.Debug|Any CPU.ActiveCfg = Debug|Any CPU
		{A152F96F-CC45-49CF-81CE-53BE64970957}.Debug|Any CPU.Build.0 = Debug|Any CPU
		{A152F96F-CC45-49CF-81CE-53BE64970957}.Release|Any CPU.ActiveCfg = Release|Any CPU
		{A152F96F-CC45-49CF-81CE-53BE64970957}.Release|Any CPU.Build.0 = Release|Any CPU
		{3E932B82-F81B-4550-BB46-ADD9479C7236}.Debug|Any CPU.ActiveCfg = Debug|Any CPU
		{3E932B82-F81B-4550-BB46-ADD9479C7236}.Debug|Any CPU.Build.0 = Debug|Any CPU
		{3E932B82-F81B-4550-BB46-ADD9479C7236}.Release|Any CPU.ActiveCfg = Release|Any CPU
		{3E932B82-F81B-4550-BB46-ADD9479C7236}.Release|Any CPU.Build.0 = Release|Any CPU
		{72CB297B-0F90-44D4-AD38-FD049CB5205B}.Debug|Any CPU.ActiveCfg = Debug|Any CPU
		{72CB297B-0F90-44D4-AD38-FD049CB5205B}.Debug|Any CPU.Build.0 = Debug|Any CPU
		{72CB297B-0F90-44D4-AD38-FD049CB5205B}.Release|Any CPU.ActiveCfg = Release|Any CPU
		{72CB297B-0F90-44D4-AD38-FD049CB5205B}.Release|Any CPU.Build.0 = Release|Any CPU
	EndGlobalSection
	GlobalSection(SolutionProperties) = preSolution
		HideSolutionNode = FALSE
	EndGlobalSection
	GlobalSection(ExtensibilityGlobals) = postSolution
		SolutionGuid = {9574399D-EE13-4C29-A2CC-F6AF9B55AF7B}
	EndGlobalSection
EndGlobal
